// !$*UTF8*$!
{
	archiveVersion = 1;
	classes = {
	};
	objectVersion = 77;
	objects = {

/* Begin PBXBuildFile section */
		02680BDD15BEB7B8B0329A1D /* chess-w-pawn.png in Resources */ = {isa = PBXBuildFile; fileRef = E37A639E8F519FBD10D5FD89 /* chess-w-pawn.png */; };
		031533BB438B7A4BC1CE82C9 /* HUDNode.swift in Sources */ = {isa = PBXBuildFile; fileRef = A56497B49CFE839D85ABCC3A /* HUDNode.swift */; };
		054F25D0681FB675A237F71B /* ship-flagship.png in Resources */ = {isa = PBXBuildFile; fileRef = 749A6F222A6188E3037609E2 /* ship-flagship.png */; };
		065CBD06B0637CD83CE4DD1E /* chess-b-knight-d2.png in Resources */ = {isa = PBXBuildFile; fileRef = B827AD2407AC5D571712932D /* chess-b-knight-d2.png */; };
		068627FB6E47606E554C8AA8 /* chess-b-rook-d1.png in Resources */ = {isa = PBXBuildFile; fileRef = F0BD4078DBA5A682106045F5 /* chess-b-rook-d1.png */; };
		08915064D62400123724FB00 /* AppIcon.icns in Resources */ = {isa = PBXBuildFile; fileRef = D6E00200878F5A414C7AA097 /* AppIcon.icns */; };
		091CA81733FCE104AD2D88E9 /* GameAction.swift in Sources */ = {isa = PBXBuildFile; fileRef = F9BCEF5A958D912F3D3834BC /* GameAction.swift */; };
		0C19590DD3546C1C22EBA23A /* chess-b-pawn-d1.png in Resources */ = {isa = PBXBuildFile; fileRef = E959C91FFB1F35EA1BFAE1C7 /* chess-b-pawn-d1.png */; };
		1048F2F37E2A61053EF3DA84 /* chess-b-queen.png in Resources */ = {isa = PBXBuildFile; fileRef = 0DD23AB303F49EBE6977A6D4 /* chess-b-queen.png */; };
		10EC7FDA96FB9D9DF9ED8846 /* Piece.swift in Sources */ = {isa = PBXBuildFile; fileRef = D8C800709B09587557941485 /* Piece.swift */; };
		1105DF500AABD684C9DF74CD /* SpaceshipState.swift in Sources */ = {isa = PBXBuildFile; fileRef = 7F23F101018F26837A222949 /* SpaceshipState.swift */; };
		11736726B6CD33F7F49C0115 /* chess-w-pawn-d2.png in Resources */ = {isa = PBXBuildFile; fileRef = 5E03F189843B523D7688AFA1 /* chess-w-pawn-d2.png */; };
		14F7B295279756393ED204CA /* chess-w-bishop-d1.png in Resources */ = {isa = PBXBuildFile; fileRef = 6804169215469385E2B6893E /* chess-w-bishop-d1.png */; };
		1671C9F123B8F22D6E1C61CE /* ship-camel.png in Resources */ = {isa = PBXBuildFile; fileRef = 49DEBFD146DE24F4E7A38593 /* ship-camel.png */; };
		1840BB4464E1128BE071D44C /* TitleScene.swift in Sources */ = {isa = PBXBuildFile; fileRef = 48DB4E6155700677F3736099 /* TitleScene.swift */; };
		1AAB40E8E2E3C6E0A09E39EA /* LevelManager.swift in Sources */ = {isa = PBXBuildFile; fileRef = 3958B7024DAADC15E5C557B9 /* LevelManager.swift */; };
		1FBE4ACA89D5247C2820022A /* chess-b-bishop.png in Resources */ = {isa = PBXBuildFile; fileRef = 89C03C76F77C2116A0D5D2BB /* chess-b-bishop.png */; };
		21490A78500EE1F60D19E61B /* chess-b-pawn-armored.png in Resources */ = {isa = PBXBuildFile; fileRef = 635B8F8F319846DD6D42CF11 /* chess-b-pawn-armored.png */; };
		219A018777664526318593BD /* LevelBannerNode.swift in Sources */ = {isa = PBXBuildFile; fileRef = 2C700B2F09ADAB666A66E141 /* LevelBannerNode.swift */; };
		229E3854BAE93ECA2FA6C385 /* ship-scout-repair.png in Resources */ = {isa = PBXBuildFile; fileRef = FC965220FC221D9D7D23847D /* ship-scout-repair.png */; };
		24500C21167BA8483E94FE3B /* ScoreManager.swift in Sources */ = {isa = PBXBuildFile; fileRef = 321BDD32091EB26B8CAE06C2 /* ScoreManager.swift */; };
		2D6AEAFFDB4E3817A7AA8A3F /* HowToPlayNode.swift in Sources */ = {isa = PBXBuildFile; fileRef = 69BBAD0F7E7CF816D2269AF5 /* HowToPlayNode.swift */; };
		3203C80A87E53941D3CA57FE /* chess-w-rook-d2.png in Resources */ = {isa = PBXBuildFile; fileRef = 9AB88E2F8252175EF285AF23 /* chess-w-rook-d2.png */; };
		346FAE43588F07BD3A9E0EE8 /* chess-w-knight-d2.png in Resources */ = {isa = PBXBuildFile; fileRef = F7658142CFF640B25888ADBB /* chess-w-knight-d2.png */; };
		362A63B60EAE25EE61172DB1 /* ExplosionPool.swift in Sources */ = {isa = PBXBuildFile; fileRef = 815CA288511D02127E0E884F /* ExplosionPool.swift */; };
		368610872B731D709369E6BC /* Chess.swift in Sources */ = {isa = PBXBuildFile; fileRef = FF11C903C797D394A807E396 /* Chess.swift */; };
		3A13D4F27754EBE3F1990D3E /* FleetController.swift in Sources */ = {isa = PBXBuildFile; fileRef = 386C3750928FB14BC1D27D55 /* FleetController.swift */; };
		3B7526683C16F26D1662024F /* chess-w-queen-d2.png in Resources */ = {isa = PBXBuildFile; fileRef = 4653CBF5CC5AE085AA7195D2 /* chess-w-queen-d2.png */; };
		3D123DD84E9772D4FA235EA8 /* chess-w-rook.png in Resources */ = {isa = PBXBuildFile; fileRef = 14C2C8B3CAA40DB1FA83AA1E /* chess-w-rook.png */; };
		3D8737E689E8D78A3C2D0D04 /* ChessFEN.swift in Sources */ = {isa = PBXBuildFile; fileRef = 416A804FC2359078E164449E /* ChessFEN.swift */; };
		452008C69273C0B918DFAA99 /* GameState.swift in Sources */ = {isa = PBXBuildFile; fileRef = 3B7548E55F1B1E37D9A6AA88 /* GameState.swift */; };
		456435234471D2982DBDDA74 /* GCITests.swift in Sources */ = {isa = PBXBuildFile; fileRef = 46E88C786A6B62EF1391252D /* GCITests.swift */; };
		46AAE105A315B67E0A9A7C86 /* GalacticChessInvadersApp.swift in Sources */ = {isa = PBXBuildFile; fileRef = 77F960CE5B7791CFFB374A6A /* GalacticChessInvadersApp.swift */; };
		496150C3B2737728E85A0830 /* chess-w-king.png in Resources */ = {isa = PBXBuildFile; fileRef = 8339E5F18F16FA9DBF8CC7E2 /* chess-w-king.png */; };
		4AAEA0F579F05B5F2CA173E8 /* chess-w-bishop.png in Resources */ = {isa = PBXBuildFile; fileRef = 358C1653386A6A77FA844C99 /* chess-w-bishop.png */; };
		501B3D6BAA54B7D6543315E0 /* chess-b-pawn-d2.png in Resources */ = {isa = PBXBuildFile; fileRef = 6C6795B9E4AFFF2BBDB8847B /* chess-b-pawn-d2.png */; };
		56547221A27CECF071477604 /* chess-b-queen-d2.png in Resources */ = {isa = PBXBuildFile; fileRef = 2C3D8F71E32179DA6F078007 /* chess-b-queen-d2.png */; };
		5C00B24FA3687609673B10AC /* chess-b-queen-d1.png in Resources */ = {isa = PBXBuildFile; fileRef = 5CE8E6CB170AE028DA898F3D /* chess-b-queen-d1.png */; };
		5E5F85935F04C28062E9F04F /* Regeneration.swift in Sources */ = {isa = PBXBuildFile; fileRef = 4B58B64ABA847AF8604BB2BF /* Regeneration.swift */; };
		5E76F03CD7162A626D28F7BD /* CollisionResolver.swift in Sources */ = {isa = PBXBuildFile; fileRef = 87D61821669CACEBC196A65C /* CollisionResolver.swift */; };
		605CC1D290EA03C43460DC7D /* ContentView.swift in Sources */ = {isa = PBXBuildFile; fileRef = F8CB7404F3713FE581B43A87 /* ContentView.swift */; };
		61169CA3823DC981272E489B /* ship-player.png in Resources */ = {isa = PBXBuildFile; fileRef = DFEC1D27CBD2B19429587528 /* ship-player.png */; };
		761E80CDFA1BA24920975185 /* PhysicsCategory.swift in Sources */ = {isa = PBXBuildFile; fileRef = 7326322DAB1AA3C9AC03E637 /* PhysicsCategory.swift */; };
		7705CF0A074223E6B67350F7 /* sfx in Resources */ = {isa = PBXBuildFile; fileRef = 998968842203016A0E563C6A /* sfx */; };
		7A28A7F7E08CDA7442C26B99 /* chess-b-rook-d2.png in Resources */ = {isa = PBXBuildFile; fileRef = 2EC6AFA901DFFFDB6CCC3E68 /* chess-b-rook-d2.png */; };
		7A5879E8C562F46FFC5D86DB /* chess-w-knight-d1.png in Resources */ = {isa = PBXBuildFile; fileRef = 203E4D81EC6732AFCAE19ACF /* chess-w-knight-d1.png */; };
		7B1B293D3EF00772467603BC /* GCI-intro.m4a in Resources */ = {isa = PBXBuildFile; fileRef = 266106237B707A5FFEC1D5FC /* GCI-intro.m4a */; };
		7B642189B3FC586C84C9A534 /* InputHandler.swift in Sources */ = {isa = PBXBuildFile; fileRef = 089693DE6C70095463C9E308 /* InputHandler.swift */; };
		7F0384B71B4EABB4F3C3C5B0 /* PieceNode.swift in Sources */ = {isa = PBXBuildFile; fileRef = F86607BAC135182D9E5F8BD4 /* PieceNode.swift */; };
		8045F16B75DCA226FEFC2848 /* ProjectileState.swift in Sources */ = {isa = PBXBuildFile; fileRef = 7C0C0E6B6868C3ACDC346F91 /* ProjectileState.swift */; };
		82FBE8F0FE17EC1EED7ECC03 /* GameOverNode.swift in Sources */ = {isa = PBXBuildFile; fileRef = 3932A08EA2916C4D1AB1DF11 /* GameOverNode.swift */; };
		85830BC31A121E884D7C827C /* GameStatusNode.swift in Sources */ = {isa = PBXBuildFile; fileRef = FC84A7656D54629221ABFEA2 /* GameStatusNode.swift */; };
		87FF43D18AB562A891F9F2EB /* ChessEngine.swift in Sources */ = {isa = PBXBuildFile; fileRef = A00359D531409FD8FEF80590 /* ChessEngine.swift */; };
		8916FC9528C763093B5D18BE /* LaserPool.swift in Sources */ = {isa = PBXBuildFile; fileRef = C7C9EB476F38A1115CA12AE8 /* LaserPool.swift */; };
		89F9459783A37520E9B6A7D3 /* DiagnosticsLog.swift in Sources */ = {isa = PBXBuildFile; fileRef = 9C108816F834B07B96432B59 /* DiagnosticsLog.swift */; };
		8CE5A8CA064C0186187B8A00 /* chess-b-pawn.png in Resources */ = {isa = PBXBuildFile; fileRef = DBF33ADCAAD8AE9F65CD5E50 /* chess-b-pawn.png */; };
		92F5117575286012F40FFBAC /* SoundKey.swift in Sources */ = {isa = PBXBuildFile; fileRef = DFA8FE0D63A1CAAA9CBA031E /* SoundKey.swift */; };
		92FC2C3D2532B922C24C54FE /* CollisionHandler.swift in Sources */ = {isa = PBXBuildFile; fileRef = 8AF0FC132D54FB3D89851A9D /* CollisionHandler.swift */; };
		97361A240335FEBD8B2AFA78 /* GameScene.swift in Sources */ = {isa = PBXBuildFile; fileRef = 8E0AB54EF6DC34CA0DDA9CDF /* GameScene.swift */; };
		9D8A372DBBCA9B9102C4264A /* chess-w-rook-d1.png in Resources */ = {isa = PBXBuildFile; fileRef = 1E035ABF8A545D83002E5689 /* chess-w-rook-d1.png */; };
		9F1596A7F6BC01E4F501C8D7 /* chess-w-king-d2.png in Resources */ = {isa = PBXBuildFile; fileRef = B1C4ECE6D9D8E3925073ACFE /* chess-w-king-d2.png */; };
		A38ACF123B15ADE148A9CCDE /* ship-llama.png in Resources */ = {isa = PBXBuildFile; fileRef = 41CA2029B4FBD81DDF753D7B /* ship-llama.png */; };
		A5723D032739FA8C59CB6091 /* CheckPathNode.swift in Sources */ = {isa = PBXBuildFile; fileRef = 741746F275F1126EB8D73A8C /* CheckPathNode.swift */; };
		AB5B47092457C71AF974E1C6 /* chess-w-pawn-d1.png in Resources */ = {isa = PBXBuildFile; fileRef = 797AE4C04EB793676DEFC8C0 /* chess-w-pawn-d1.png */; };
		ABF32FC80B47B0F2815FA4E5 /* ship-scout-ice.png in Resources */ = {isa = PBXBuildFile; fileRef = C4E76985AE6CAC0AC405D43A /* ship-scout-ice.png */; };
		AD625EB17A39A9FE68462D86 /* chess-b-bishop-d1.png in Resources */ = {isa = PBXBuildFile; fileRef = 978A170453B8B07C0F41C526 /* chess-b-bishop-d1.png */; };
		B13EF8E180EE359E19DA52C3 /* Juice.swift in Sources */ = {isa = PBXBuildFile; fileRef = 360CD5A00CE701C3BACFB1BA /* Juice.swift */; };
		B49EB30582FE0AF32698E494 /* ship-scout-spread.png in Resources */ = {isa = PBXBuildFile; fileRef = 239AF42D6C7F98EDE54DA101 /* ship-scout-spread.png */; };
		B67633A0D0D31669ED91AEDA /* chess-b-bishop-d2.png in Resources */ = {isa = PBXBuildFile; fileRef = F648508E30268B3A5E5EDBB4 /* chess-b-bishop-d2.png */; };
		BF65DE6B34BC76D86E140734 /* StarfieldTiling.swift in Sources */ = {isa = PBXBuildFile; fileRef = CA08B29F3B57111A1DAB71AB /* StarfieldTiling.swift */; };
		BF7CA3BE908F94E71CFFE90F /* chess-b-rook.png in Resources */ = {isa = PBXBuildFile; fileRef = 05591BA327EAD55AD0F69F70 /* chess-b-rook.png */; };
		C362A3476F3961B1753410C1 /* ship-scout.png in Resources */ = {isa = PBXBuildFile; fileRef = 2B2151BC597FBC6006588FF8 /* ship-scout.png */; };
		C88BE784BCDFF9D800B631C4 /* BoardNode.swift in Sources */ = {isa = PBXBuildFile; fileRef = C108E7EAE6358A3CF47A3F77 /* BoardNode.swift */; };
		C9A9C0363A0C8510549F4337 /* chess-b-king-d1.png in Resources */ = {isa = PBXBuildFile; fileRef = 6E7E3382582F0A404A28305F /* chess-b-king-d1.png */; };
		CEC31288F6D9DFFDB1BCEDDD /* ship-scout-bomb.png in Resources */ = {isa = PBXBuildFile; fileRef = DA31B35A195A8FA42F7FDE25 /* ship-scout-bomb.png */; };
		CED029BF45680E976218AD47 /* chess-w-queen.png in Resources */ = {isa = PBXBuildFile; fileRef = 83910C58D45F81C5E632B8BD /* chess-w-queen.png */; };
		D27B42151BC5A3E38E5C3E27 /* ship-escort.png in Resources */ = {isa = PBXBuildFile; fileRef = E3453ECB5D3C283EB99A0D7E /* ship-escort.png */; };
		D3641D21830DBEB3CE620C6B /* PressStart2P-Regular.ttf in Resources */ = {isa = PBXBuildFile; fileRef = A215EE3EF5A3B60A3369E69B /* PressStart2P-Regular.ttf */; };
		D96554076A4F6BFF8CB7D2D2 /* FleetRules.swift in Sources */ = {isa = PBXBuildFile; fileRef = 9A14B880553E1506AF871A55 /* FleetRules.swift */; };
		DE340400464B4B709FE0F477 /* LogTextView.swift in Sources */ = {isa = PBXBuildFile; fileRef = 1284B42A60842EE3D06208D3 /* LogTextView.swift */; };
		DEE6A588A0E118BDB71E32F6 /* chess-w-bishop-d2.png in Resources */ = {isa = PBXBuildFile; fileRef = 210C7A9F3635A654148882A9 /* chess-w-bishop-d2.png */; };
		DF73E7ACF955B7FBAAA31DFA /* ChessRules.swift in Sources */ = {isa = PBXBuildFile; fileRef = F5CBD6F2CC804D886BB6FCB2 /* ChessRules.swift */; };
		E05E089FE48382AC59AD93BD /* LaserNode.swift in Sources */ = {isa = PBXBuildFile; fileRef = 5308FEB0B1858AC43F451354 /* LaserNode.swift */; };
		E08464B23F92D11F3F247DAB /* SpaceshipNode.swift in Sources */ = {isa = PBXBuildFile; fileRef = 433F034FF2C2E1058CF04485 /* SpaceshipNode.swift */; };
		E0DACD70605D2150ABCB6079 /* ship-scout-lightning.png in Resources */ = {isa = PBXBuildFile; fileRef = 2AD4F418A9CA0E650E2FAF75 /* ship-scout-lightning.png */; };
		E22CBB20BA38A80B327C715F /* HighScoreEntryNode.swift in Sources */ = {isa = PBXBuildFile; fileRef = E6BD913BC0D0EB5692D30572 /* HighScoreEntryNode.swift */; };
		E33C887F2ABFADD773CD302C /* TurnTimerNode.swift in Sources */ = {isa = PBXBuildFile; fileRef = 0DD287E9A35A46D7482B9AE4 /* TurnTimerNode.swift */; };
		E363DB037B78F53FB632EDEC /* GameOverScene.swift in Sources */ = {isa = PBXBuildFile; fileRef = ADC4BC0D1B2AAFBA570F24F4 /* GameOverScene.swift */; };
		E382860009AA1E103879DF01 /* AudioManager.swift in Sources */ = {isa = PBXBuildFile; fileRef = 533060B476CEB068D8FE3931 /* AudioManager.swift */; };
		E417F771A182BF6A6C7A8D29 /* ScorePopPool.swift in Sources */ = {isa = PBXBuildFile; fileRef = 096490D7A6278EF53261317B /* ScorePopPool.swift */; };
		E7D495E2DBBDC199D24C5469 /* FleetFiring.swift in Sources */ = {isa = PBXBuildFile; fileRef = 2413DE75C60DE24F7CDAD34F /* FleetFiring.swift */; };
		F53A8FD80E91731A2F3B94DF /* chess-b-king-d2.png in Resources */ = {isa = PBXBuildFile; fileRef = D13B99E1EDEA04DAF03E1E7F /* chess-b-king-d2.png */; };
		F85FF93C6997AF4868C1CBC3 /* TitleOverlayNode.swift in Sources */ = {isa = PBXBuildFile; fileRef = E5479162403C3F6B963DA628 /* TitleOverlayNode.swift */; };
		F9929020CEFD54511CD99A8E /* GCIBoard.swift in Sources */ = {isa = PBXBuildFile; fileRef = 9E9E53557C0AE9D2A3C9F5E3 /* GCIBoard.swift */; };
		F9CA99676598CF676A718B8D /* TurnTimer.swift in Sources */ = {isa = PBXBuildFile; fileRef = 2CAF566BD8F26FECE2DB1C25 /* TurnTimer.swift */; };
		FAB43706A371DD88D34AB3D6 /* NeonPalette.swift in Sources */ = {isa = PBXBuildFile; fileRef = 41027B92E5E5C0CED577CDCC /* NeonPalette.swift */; };
		FB402B33905FBD97A2B8DC87 /* chess-w-queen-d1.png in Resources */ = {isa = PBXBuildFile; fileRef = C6065939A740086FDEF2B63B /* chess-w-queen-d1.png */; };
		FB471FB509F8D33265C7CDE8 /* chess-w-king-d1.png in Resources */ = {isa = PBXBuildFile; fileRef = 9E4CEB8824CBC0835DD19E03 /* chess-w-king-d1.png */; };
		FBE30191F38B53BBCEE7A231 /* chess-b-knight-d1.png in Resources */ = {isa = PBXBuildFile; fileRef = C85D5AC26FD4179831878F66 /* chess-b-knight-d1.png */; };
		FC4BD8AA702F92FE68FA0FD3 /* chess-b-knight.png in Resources */ = {isa = PBXBuildFile; fileRef = E57357BA4A5F6DD20F96CD2F /* chess-b-knight.png */; };
		FF14D7450D828185760EAB06 /* chess-b-king.png in Resources */ = {isa = PBXBuildFile; fileRef = 21E7C6E4E5697A906A277064 /* chess-b-king.png */; };
		FF54E58B0E2C8163675AA771 /* chess-w-knight.png in Resources */ = {isa = PBXBuildFile; fileRef = 5FA8B7A8AB84F18A8F1496EB /* chess-w-knight.png */; };
/* End PBXBuildFile section */

/* Begin PBXContainerItemProxy section */
		8C58E5482555CFCBEDC1100E /* PBXContainerItemProxy */ = {
			isa = PBXContainerItemProxy;
			containerPortal = 707BFE0A0BBB45A4FA54E532 /* Project object */;
			proxyType = 1;
			remoteGlobalIDString = 9BD80453908A8F43871AD964;
			remoteInfo = GalacticChessInvaders;
		};
/* End PBXContainerItemProxy section */

/* Begin PBXFileReference section */
		05591BA327EAD55AD0F69F70 /* chess-b-rook.png */ = {isa = PBXFileReference; lastKnownFileType = image.png; path = "chess-b-rook.png"; sourceTree = "<group>"; };
		089693DE6C70095463C9E308 /* InputHandler.swift */ = {isa = PBXFileReference; lastKnownFileType = sourcecode.swift; path = InputHandler.swift; sourceTree = "<group>"; };
		096490D7A6278EF53261317B /* ScorePopPool.swift */ = {isa = PBXFileReference; lastKnownFileType = sourcecode.swift; path = ScorePopPool.swift; sourceTree = "<group>"; };
		0DD23AB303F49EBE6977A6D4 /* chess-b-queen.png */ = {isa = PBXFileReference; lastKnownFileType = image.png; path = "chess-b-queen.png"; sourceTree = "<group>"; };
		0DD287E9A35A46D7482B9AE4 /* TurnTimerNode.swift */ = {isa = PBXFileReference; lastKnownFileType = sourcecode.swift; path = TurnTimerNode.swift; sourceTree = "<group>"; };
		1284B42A60842EE3D06208D3 /* LogTextView.swift */ = {isa = PBXFileReference; lastKnownFileType = sourcecode.swift; path = LogTextView.swift; sourceTree = "<group>"; };
		14C2C8B3CAA40DB1FA83AA1E /* chess-w-rook.png */ = {isa = PBXFileReference; lastKnownFileType = image.png; path = "chess-w-rook.png"; sourceTree = "<group>"; };
		1E035ABF8A545D83002E5689 /* chess-w-rook-d1.png */ = {isa = PBXFileReference; lastKnownFileType = image.png; path = "chess-w-rook-d1.png"; sourceTree = "<group>"; };
		203E4D81EC6732AFCAE19ACF /* chess-w-knight-d1.png */ = {isa = PBXFileReference; lastKnownFileType = image.png; path = "chess-w-knight-d1.png"; sourceTree = "<group>"; };
		210C7A9F3635A654148882A9 /* chess-w-bishop-d2.png */ = {isa = PBXFileReference; lastKnownFileType = image.png; path = "chess-w-bishop-d2.png"; sourceTree = "<group>"; };
		21E7C6E4E5697A906A277064 /* chess-b-king.png */ = {isa = PBXFileReference; lastKnownFileType = image.png; path = "chess-b-king.png"; sourceTree = "<group>"; };
		239AF42D6C7F98EDE54DA101 /* ship-scout-spread.png */ = {isa = PBXFileReference; lastKnownFileType = image.png; path = "ship-scout-spread.png"; sourceTree = "<group>"; };
		2413DE75C60DE24F7CDAD34F /* FleetFiring.swift */ = {isa = PBXFileReference; lastKnownFileType = sourcecode.swift; path = FleetFiring.swift; sourceTree = "<group>"; };
		266106237B707A5FFEC1D5FC /* GCI-intro.m4a */ = {isa = PBXFileReference; path = "GCI-intro.m4a"; sourceTree = "<group>"; };
		2AD4F418A9CA0E650E2FAF75 /* ship-scout-lightning.png */ = {isa = PBXFileReference; lastKnownFileType = image.png; path = "ship-scout-lightning.png"; sourceTree = "<group>"; };
		2B2151BC597FBC6006588FF8 /* ship-scout.png */ = {isa = PBXFileReference; lastKnownFileType = image.png; path = "ship-scout.png"; sourceTree = "<group>"; };
		2C3D8F71E32179DA6F078007 /* chess-b-queen-d2.png */ = {isa = PBXFileReference; lastKnownFileType = image.png; path = "chess-b-queen-d2.png"; sourceTree = "<group>"; };
		2C700B2F09ADAB666A66E141 /* LevelBannerNode.swift */ = {isa = PBXFileReference; lastKnownFileType = sourcecode.swift; path = LevelBannerNode.swift; sourceTree = "<group>"; };
		2CAF566BD8F26FECE2DB1C25 /* TurnTimer.swift */ = {isa = PBXFileReference; lastKnownFileType = sourcecode.swift; path = TurnTimer.swift; sourceTree = "<group>"; };
		2EC6AFA901DFFFDB6CCC3E68 /* chess-b-rook-d2.png */ = {isa = PBXFileReference; lastKnownFileType = image.png; path = "chess-b-rook-d2.png"; sourceTree = "<group>"; };
		321BDD32091EB26B8CAE06C2 /* ScoreManager.swift */ = {isa = PBXFileReference; lastKnownFileType = sourcecode.swift; path = ScoreManager.swift; sourceTree = "<group>"; };
		358C1653386A6A77FA844C99 /* chess-w-bishop.png */ = {isa = PBXFileReference; lastKnownFileType = image.png; path = "chess-w-bishop.png"; sourceTree = "<group>"; };
		360CD5A00CE701C3BACFB1BA /* Juice.swift */ = {isa = PBXFileReference; lastKnownFileType = sourcecode.swift; path = Juice.swift; sourceTree = "<group>"; };
		386C3750928FB14BC1D27D55 /* FleetController.swift */ = {isa = PBXFileReference; lastKnownFileType = sourcecode.swift; path = FleetController.swift; sourceTree = "<group>"; };
		3932A08EA2916C4D1AB1DF11 /* GameOverNode.swift */ = {isa = PBXFileReference; lastKnownFileType = sourcecode.swift; path = GameOverNode.swift; sourceTree = "<group>"; };
		3958B7024DAADC15E5C557B9 /* LevelManager.swift */ = {isa = PBXFileReference; lastKnownFileType = sourcecode.swift; path = LevelManager.swift; sourceTree = "<group>"; };
		3B7548E55F1B1E37D9A6AA88 /* GameState.swift */ = {isa = PBXFileReference; lastKnownFileType = sourcecode.swift; path = GameState.swift; sourceTree = "<group>"; };
		41027B92E5E5C0CED577CDCC /* NeonPalette.swift */ = {isa = PBXFileReference; lastKnownFileType = sourcecode.swift; path = NeonPalette.swift; sourceTree = "<group>"; };
		416A804FC2359078E164449E /* ChessFEN.swift */ = {isa = PBXFileReference; lastKnownFileType = sourcecode.swift; path = ChessFEN.swift; sourceTree = "<group>"; };
		41CA2029B4FBD81DDF753D7B /* ship-llama.png */ = {isa = PBXFileReference; lastKnownFileType = image.png; path = "ship-llama.png"; sourceTree = "<group>"; };
		433F034FF2C2E1058CF04485 /* SpaceshipNode.swift */ = {isa = PBXFileReference; lastKnownFileType = sourcecode.swift; path = SpaceshipNode.swift; sourceTree = "<group>"; };
		4653CBF5CC5AE085AA7195D2 /* chess-w-queen-d2.png */ = {isa = PBXFileReference; lastKnownFileType = image.png; path = "chess-w-queen-d2.png"; sourceTree = "<group>"; };
		46E88C786A6B62EF1391252D /* GCITests.swift */ = {isa = PBXFileReference; lastKnownFileType = sourcecode.swift; path = GCITests.swift; sourceTree = "<group>"; };
		46F6F35A994CABC71E91B264 /* Info.plist */ = {isa = PBXFileReference; lastKnownFileType = text.plist; path = Info.plist; sourceTree = "<group>"; };
		470EE873AFB093DAA09877AD /* GCITests.xctest */ = {isa = PBXFileReference; explicitFileType = wrapper.cfbundle; includeInIndex = 0; path = GCITests.xctest; sourceTree = BUILT_PRODUCTS_DIR; };
		48DB4E6155700677F3736099 /* TitleScene.swift */ = {isa = PBXFileReference; lastKnownFileType = sourcecode.swift; path = TitleScene.swift; sourceTree = "<group>"; };
		49DEBFD146DE24F4E7A38593 /* ship-camel.png */ = {isa = PBXFileReference; lastKnownFileType = image.png; path = "ship-camel.png"; sourceTree = "<group>"; };
		4B58B64ABA847AF8604BB2BF /* Regeneration.swift */ = {isa = PBXFileReference; lastKnownFileType = sourcecode.swift; path = Regeneration.swift; sourceTree = "<group>"; };
		5308FEB0B1858AC43F451354 /* LaserNode.swift */ = {isa = PBXFileReference; lastKnownFileType = sourcecode.swift; path = LaserNode.swift; sourceTree = "<group>"; };
		533060B476CEB068D8FE3931 /* AudioManager.swift */ = {isa = PBXFileReference; lastKnownFileType = sourcecode.swift; path = AudioManager.swift; sourceTree = "<group>"; };
		5CE8E6CB170AE028DA898F3D /* chess-b-queen-d1.png */ = {isa = PBXFileReference; lastKnownFileType = image.png; path = "chess-b-queen-d1.png"; sourceTree = "<group>"; };
		5E03F189843B523D7688AFA1 /* chess-w-pawn-d2.png */ = {isa = PBXFileReference; lastKnownFileType = image.png; path = "chess-w-pawn-d2.png"; sourceTree = "<group>"; };
		5FA8B7A8AB84F18A8F1496EB /* chess-w-knight.png */ = {isa = PBXFileReference; lastKnownFileType = image.png; path = "chess-w-knight.png"; sourceTree = "<group>"; };
		635B8F8F319846DD6D42CF11 /* chess-b-pawn-armored.png */ = {isa = PBXFileReference; lastKnownFileType = image.png; path = "chess-b-pawn-armored.png"; sourceTree = "<group>"; };
		6804169215469385E2B6893E /* chess-w-bishop-d1.png */ = {isa = PBXFileReference; lastKnownFileType = image.png; path = "chess-w-bishop-d1.png"; sourceTree = "<group>"; };
		69BBAD0F7E7CF816D2269AF5 /* HowToPlayNode.swift */ = {isa = PBXFileReference; lastKnownFileType = sourcecode.swift; path = HowToPlayNode.swift; sourceTree = "<group>"; };
		6C6795B9E4AFFF2BBDB8847B /* chess-b-pawn-d2.png */ = {isa = PBXFileReference; lastKnownFileType = image.png; path = "chess-b-pawn-d2.png"; sourceTree = "<group>"; };
		6E7E3382582F0A404A28305F /* chess-b-king-d1.png */ = {isa = PBXFileReference; lastKnownFileType = image.png; path = "chess-b-king-d1.png"; sourceTree = "<group>"; };
		7326322DAB1AA3C9AC03E637 /* PhysicsCategory.swift */ = {isa = PBXFileReference; lastKnownFileType = sourcecode.swift; path = PhysicsCategory.swift; sourceTree = "<group>"; };
		741746F275F1126EB8D73A8C /* CheckPathNode.swift */ = {isa = PBXFileReference; lastKnownFileType = sourcecode.swift; path = CheckPathNode.swift; sourceTree = "<group>"; };
		749A6F222A6188E3037609E2 /* ship-flagship.png */ = {isa = PBXFileReference; lastKnownFileType = image.png; path = "ship-flagship.png"; sourceTree = "<group>"; };
		77F960CE5B7791CFFB374A6A /* GalacticChessInvadersApp.swift */ = {isa = PBXFileReference; lastKnownFileType = sourcecode.swift; path = GalacticChessInvadersApp.swift; sourceTree = "<group>"; };
		797AE4C04EB793676DEFC8C0 /* chess-w-pawn-d1.png */ = {isa = PBXFileReference; lastKnownFileType = image.png; path = "chess-w-pawn-d1.png"; sourceTree = "<group>"; };
		7C0C0E6B6868C3ACDC346F91 /* ProjectileState.swift */ = {isa = PBXFileReference; lastKnownFileType = sourcecode.swift; path = ProjectileState.swift; sourceTree = "<group>"; };
		7F23F101018F26837A222949 /* SpaceshipState.swift */ = {isa = PBXFileReference; lastKnownFileType = sourcecode.swift; path = SpaceshipState.swift; sourceTree = "<group>"; };
		815CA288511D02127E0E884F /* ExplosionPool.swift */ = {isa = PBXFileReference; lastKnownFileType = sourcecode.swift; path = ExplosionPool.swift; sourceTree = "<group>"; };
		8339E5F18F16FA9DBF8CC7E2 /* chess-w-king.png */ = {isa = PBXFileReference; lastKnownFileType = image.png; path = "chess-w-king.png"; sourceTree = "<group>"; };
		83910C58D45F81C5E632B8BD /* chess-w-queen.png */ = {isa = PBXFileReference; lastKnownFileType = image.png; path = "chess-w-queen.png"; sourceTree = "<group>"; };
		87D61821669CACEBC196A65C /* CollisionResolver.swift */ = {isa = PBXFileReference; lastKnownFileType = sourcecode.swift; path = CollisionResolver.swift; sourceTree = "<group>"; };
		89C03C76F77C2116A0D5D2BB /* chess-b-bishop.png */ = {isa = PBXFileReference; lastKnownFileType = image.png; path = "chess-b-bishop.png"; sourceTree = "<group>"; };
		8AF0FC132D54FB3D89851A9D /* CollisionHandler.swift */ = {isa = PBXFileReference; lastKnownFileType = sourcecode.swift; path = CollisionHandler.swift; sourceTree = "<group>"; };
		8E0AB54EF6DC34CA0DDA9CDF /* GameScene.swift */ = {isa = PBXFileReference; lastKnownFileType = sourcecode.swift; path = GameScene.swift; sourceTree = "<group>"; };
		978A170453B8B07C0F41C526 /* chess-b-bishop-d1.png */ = {isa = PBXFileReference; lastKnownFileType = image.png; path = "chess-b-bishop-d1.png"; sourceTree = "<group>"; };
		998968842203016A0E563C6A /* sfx */ = {isa = PBXFileReference; lastKnownFileType = folder; name = sfx; path = GalacticChessInvaders/Resources/sfx; sourceTree = SOURCE_ROOT; };
		9A14B880553E1506AF871A55 /* FleetRules.swift */ = {isa = PBXFileReference; lastKnownFileType = sourcecode.swift; path = FleetRules.swift; sourceTree = "<group>"; };
		9AB88E2F8252175EF285AF23 /* chess-w-rook-d2.png */ = {isa = PBXFileReference; lastKnownFileType = image.png; path = "chess-w-rook-d2.png"; sourceTree = "<group>"; };
		9C108816F834B07B96432B59 /* DiagnosticsLog.swift */ = {isa = PBXFileReference; lastKnownFileType = sourcecode.swift; path = DiagnosticsLog.swift; sourceTree = "<group>"; };
		9E4CEB8824CBC0835DD19E03 /* chess-w-king-d1.png */ = {isa = PBXFileReference; lastKnownFileType = image.png; path = "chess-w-king-d1.png"; sourceTree = "<group>"; };
		9E9E53557C0AE9D2A3C9F5E3 /* GCIBoard.swift */ = {isa = PBXFileReference; lastKnownFileType = sourcecode.swift; path = GCIBoard.swift; sourceTree = "<group>"; };
		A00359D531409FD8FEF80590 /* ChessEngine.swift */ = {isa = PBXFileReference; lastKnownFileType = sourcecode.swift; path = ChessEngine.swift; sourceTree = "<group>"; };
		A215EE3EF5A3B60A3369E69B /* PressStart2P-Regular.ttf */ = {isa = PBXFileReference; lastKnownFileType = file; path = "PressStart2P-Regular.ttf"; sourceTree = "<group>"; };
		A56497B49CFE839D85ABCC3A /* HUDNode.swift */ = {isa = PBXFileReference; lastKnownFileType = sourcecode.swift; path = HUDNode.swift; sourceTree = "<group>"; };
		ADC4BC0D1B2AAFBA570F24F4 /* GameOverScene.swift */ = {isa = PBXFileReference; lastKnownFileType = sourcecode.swift; path = GameOverScene.swift; sourceTree = "<group>"; };
		B1C4ECE6D9D8E3925073ACFE /* chess-w-king-d2.png */ = {isa = PBXFileReference; lastKnownFileType = image.png; path = "chess-w-king-d2.png"; sourceTree = "<group>"; };
		B827AD2407AC5D571712932D /* chess-b-knight-d2.png */ = {isa = PBXFileReference; lastKnownFileType = image.png; path = "chess-b-knight-d2.png"; sourceTree = "<group>"; };
		C108E7EAE6358A3CF47A3F77 /* BoardNode.swift */ = {isa = PBXFileReference; lastKnownFileType = sourcecode.swift; path = BoardNode.swift; sourceTree = "<group>"; };
		C4E76985AE6CAC0AC405D43A /* ship-scout-ice.png */ = {isa = PBXFileReference; lastKnownFileType = image.png; path = "ship-scout-ice.png"; sourceTree = "<group>"; };
		C6065939A740086FDEF2B63B /* chess-w-queen-d1.png */ = {isa = PBXFileReference; lastKnownFileType = image.png; path = "chess-w-queen-d1.png"; sourceTree = "<group>"; };
		C6C2B5784E5BF76690D58C93 /* GalacticChessInvaders.app */ = {isa = PBXFileReference; explicitFileType = wrapper.application; includeInIndex = 0; path = GalacticChessInvaders.app; sourceTree = BUILT_PRODUCTS_DIR; };
		C7C9EB476F38A1115CA12AE8 /* LaserPool.swift */ = {isa = PBXFileReference; lastKnownFileType = sourcecode.swift; path = LaserPool.swift; sourceTree = "<group>"; };
		C85D5AC26FD4179831878F66 /* chess-b-knight-d1.png */ = {isa = PBXFileReference; lastKnownFileType = image.png; path = "chess-b-knight-d1.png"; sourceTree = "<group>"; };
		CA08B29F3B57111A1DAB71AB /* StarfieldTiling.swift */ = {isa = PBXFileReference; lastKnownFileType = sourcecode.swift; path = StarfieldTiling.swift; sourceTree = "<group>"; };
		D13B99E1EDEA04DAF03E1E7F /* chess-b-king-d2.png */ = {isa = PBXFileReference; lastKnownFileType = image.png; path = "chess-b-king-d2.png"; sourceTree = "<group>"; };
		D6E00200878F5A414C7AA097 /* AppIcon.icns */ = {isa = PBXFileReference; lastKnownFileType = image.icns; path = AppIcon.icns; sourceTree = "<group>"; };
		D8C800709B09587557941485 /* Piece.swift */ = {isa = PBXFileReference; lastKnownFileType = sourcecode.swift; path = Piece.swift; sourceTree = "<group>"; };
		DA31B35A195A8FA42F7FDE25 /* ship-scout-bomb.png */ = {isa = PBXFileReference; lastKnownFileType = image.png; path = "ship-scout-bomb.png"; sourceTree = "<group>"; };
		DBF33ADCAAD8AE9F65CD5E50 /* chess-b-pawn.png */ = {isa = PBXFileReference; lastKnownFileType = image.png; path = "chess-b-pawn.png"; sourceTree = "<group>"; };
		DFA8FE0D63A1CAAA9CBA031E /* SoundKey.swift */ = {isa = PBXFileReference; lastKnownFileType = sourcecode.swift; path = SoundKey.swift; sourceTree = "<group>"; };
		DFEC1D27CBD2B19429587528 /* ship-player.png */ = {isa = PBXFileReference; lastKnownFileType = image.png; path = "ship-player.png"; sourceTree = "<group>"; };
		E3453ECB5D3C283EB99A0D7E /* ship-escort.png */ = {isa = PBXFileReference; lastKnownFileType = image.png; path = "ship-escort.png"; sourceTree = "<group>"; };
		E37A639E8F519FBD10D5FD89 /* chess-w-pawn.png */ = {isa = PBXFileReference; lastKnownFileType = image.png; path = "chess-w-pawn.png"; sourceTree = "<group>"; };
		E5479162403C3F6B963DA628 /* TitleOverlayNode.swift */ = {isa = PBXFileReference; lastKnownFileType = sourcecode.swift; path = TitleOverlayNode.swift; sourceTree = "<group>"; };
		E57357BA4A5F6DD20F96CD2F /* chess-b-knight.png */ = {isa = PBXFileReference; lastKnownFileType = image.png; path = "chess-b-knight.png"; sourceTree = "<group>"; };
		E6BD913BC0D0EB5692D30572 /* HighScoreEntryNode.swift */ = {isa = PBXFileReference; lastKnownFileType = sourcecode.swift; path = HighScoreEntryNode.swift; sourceTree = "<group>"; };
		E959C91FFB1F35EA1BFAE1C7 /* chess-b-pawn-d1.png */ = {isa = PBXFileReference; lastKnownFileType = image.png; path = "chess-b-pawn-d1.png"; sourceTree = "<group>"; };
		F0BD4078DBA5A682106045F5 /* chess-b-rook-d1.png */ = {isa = PBXFileReference; lastKnownFileType = image.png; path = "chess-b-rook-d1.png"; sourceTree = "<group>"; };
		F5CBD6F2CC804D886BB6FCB2 /* ChessRules.swift */ = {isa = PBXFileReference; lastKnownFileType = sourcecode.swift; path = ChessRules.swift; sourceTree = "<group>"; };
		F648508E30268B3A5E5EDBB4 /* chess-b-bishop-d2.png */ = {isa = PBXFileReference; lastKnownFileType = image.png; path = "chess-b-bishop-d2.png"; sourceTree = "<group>"; };
		F7658142CFF640B25888ADBB /* chess-w-knight-d2.png */ = {isa = PBXFileReference; lastKnownFileType = image.png; path = "chess-w-knight-d2.png"; sourceTree = "<group>"; };
		F86607BAC135182D9E5F8BD4 /* PieceNode.swift */ = {isa = PBXFileReference; lastKnownFileType = sourcecode.swift; path = PieceNode.swift; sourceTree = "<group>"; };
		F8CB7404F3713FE581B43A87 /* ContentView.swift */ = {isa = PBXFileReference; lastKnownFileType = sourcecode.swift; path = ContentView.swift; sourceTree = "<group>"; };
		F9BCEF5A958D912F3D3834BC /* GameAction.swift */ = {isa = PBXFileReference; lastKnownFileType = sourcecode.swift; path = GameAction.swift; sourceTree = "<group>"; };
		FC84A7656D54629221ABFEA2 /* GameStatusNode.swift */ = {isa = PBXFileReference; lastKnownFileType = sourcecode.swift; path = GameStatusNode.swift; sourceTree = "<group>"; };
		FC965220FC221D9D7D23847D /* ship-scout-repair.png */ = {isa = PBXFileReference; lastKnownFileType = image.png; path = "ship-scout-repair.png"; sourceTree = "<group>"; };
		FF11C903C797D394A807E396 /* Chess.swift */ = {isa = PBXFileReference; lastKnownFileType = sourcecode.swift; path = Chess.swift; sourceTree = "<group>"; };
/* End PBXFileReference section */

/* Begin PBXGroup section */
		1F94F04B5CC0E27D8292565C /* Sprites */ = {
			isa = PBXGroup;
			children = (
				978A170453B8B07C0F41C526 /* chess-b-bishop-d1.png */,
				F648508E30268B3A5E5EDBB4 /* chess-b-bishop-d2.png */,
				89C03C76F77C2116A0D5D2BB /* chess-b-bishop.png */,
				6E7E3382582F0A404A28305F /* chess-b-king-d1.png */,
				D13B99E1EDEA04DAF03E1E7F /* chess-b-king-d2.png */,
				21E7C6E4E5697A906A277064 /* chess-b-king.png */,
				C85D5AC26FD4179831878F66 /* chess-b-knight-d1.png */,
				B827AD2407AC5D571712932D /* chess-b-knight-d2.png */,
				E57357BA4A5F6DD20F96CD2F /* chess-b-knight.png */,
				635B8F8F319846DD6D42CF11 /* chess-b-pawn-armored.png */,
				E959C91FFB1F35EA1BFAE1C7 /* chess-b-pawn-d1.png */,
				6C6795B9E4AFFF2BBDB8847B /* chess-b-pawn-d2.png */,
				DBF33ADCAAD8AE9F65CD5E50 /* chess-b-pawn.png */,
				5CE8E6CB170AE028DA898F3D /* chess-b-queen-d1.png */,
				2C3D8F71E32179DA6F078007 /* chess-b-queen-d2.png */,
				0DD23AB303F49EBE6977A6D4 /* chess-b-queen.png */,
				F0BD4078DBA5A682106045F5 /* chess-b-rook-d1.png */,
				2EC6AFA901DFFFDB6CCC3E68 /* chess-b-rook-d2.png */,
				05591BA327EAD55AD0F69F70 /* chess-b-rook.png */,
				6804169215469385E2B6893E /* chess-w-bishop-d1.png */,
				210C7A9F3635A654148882A9 /* chess-w-bishop-d2.png */,
				358C1653386A6A77FA844C99 /* chess-w-bishop.png */,
				9E4CEB8824CBC0835DD19E03 /* chess-w-king-d1.png */,
				B1C4ECE6D9D8E3925073ACFE /* chess-w-king-d2.png */,
				8339E5F18F16FA9DBF8CC7E2 /* chess-w-king.png */,
				203E4D81EC6732AFCAE19ACF /* chess-w-knight-d1.png */,
				F7658142CFF640B25888ADBB /* chess-w-knight-d2.png */,
				5FA8B7A8AB84F18A8F1496EB /* chess-w-knight.png */,
				797AE4C04EB793676DEFC8C0 /* chess-w-pawn-d1.png */,
				5E03F189843B523D7688AFA1 /* chess-w-pawn-d2.png */,
				E37A639E8F519FBD10D5FD89 /* chess-w-pawn.png */,
				C6065939A740086FDEF2B63B /* chess-w-queen-d1.png */,
				4653CBF5CC5AE085AA7195D2 /* chess-w-queen-d2.png */,
				83910C58D45F81C5E632B8BD /* chess-w-queen.png */,
				1E035ABF8A545D83002E5689 /* chess-w-rook-d1.png */,
				9AB88E2F8252175EF285AF23 /* chess-w-rook-d2.png */,
				14C2C8B3CAA40DB1FA83AA1E /* chess-w-rook.png */,
				49DEBFD146DE24F4E7A38593 /* ship-camel.png */,
				E3453ECB5D3C283EB99A0D7E /* ship-escort.png */,
				749A6F222A6188E3037609E2 /* ship-flagship.png */,
				41CA2029B4FBD81DDF753D7B /* ship-llama.png */,
				DFEC1D27CBD2B19429587528 /* ship-player.png */,
				DA31B35A195A8FA42F7FDE25 /* ship-scout-bomb.png */,
				C4E76985AE6CAC0AC405D43A /* ship-scout-ice.png */,
				2AD4F418A9CA0E650E2FAF75 /* ship-scout-lightning.png */,
				FC965220FC221D9D7D23847D /* ship-scout-repair.png */,
				239AF42D6C7F98EDE54DA101 /* ship-scout-spread.png */,
				2B2151BC597FBC6006588FF8 /* ship-scout.png */,
			);
			path = Sprites;
			sourceTree = "<group>";
		};
		1FCC729449E404D8961A14A7 /* App */ = {
			isa = PBXGroup;
			children = (
				F8CB7404F3713FE581B43A87 /* ContentView.swift */,
				77F960CE5B7791CFFB374A6A /* GalacticChessInvadersApp.swift */,
				1284B42A60842EE3D06208D3 /* LogTextView.swift */,
			);
			path = App;
			sourceTree = "<group>";
		};
		2D966E5713FCF544A056D4C2 /* GalacticChessInvaders */ = {
			isa = PBXGroup;
			children = (
				46F6F35A994CABC71E91B264 /* Info.plist */,
				1FCC729449E404D8961A14A7 /* App */,
				9E0416EC85C4E0A17DBE0D16 /* Audio */,
				F75A8D9C8A7035887384E7B4 /* Game */,
				87EEA65BA5B7CC3E16B16C44 /* Resources */,
				8596DF32BB855BED7C729C85 /* Scenes */,
			);
			path = GalacticChessInvaders;
			sourceTree = "<group>";
		};
		6B53D6A08D48BB8EFBD14E37 /* Logic */ = {
			isa = PBXGroup;
			children = (
				A00359D531409FD8FEF80590 /* ChessEngine.swift */,
				87D61821669CACEBC196A65C /* CollisionResolver.swift */,
				9C108816F834B07B96432B59 /* DiagnosticsLog.swift */,
				2413DE75C60DE24F7CDAD34F /* FleetFiring.swift */,
				9A14B880553E1506AF871A55 /* FleetRules.swift */,
				3B7548E55F1B1E37D9A6AA88 /* GameState.swift */,
				9E9E53557C0AE9D2A3C9F5E3 /* GCIBoard.swift */,
				360CD5A00CE701C3BACFB1BA /* Juice.swift */,
				3958B7024DAADC15E5C557B9 /* LevelManager.swift */,
				7326322DAB1AA3C9AC03E637 /* PhysicsCategory.swift */,
				D8C800709B09587557941485 /* Piece.swift */,
				7C0C0E6B6868C3ACDC346F91 /* ProjectileState.swift */,
				4B58B64ABA847AF8604BB2BF /* Regeneration.swift */,
				321BDD32091EB26B8CAE06C2 /* ScoreManager.swift */,
				7F23F101018F26837A222949 /* SpaceshipState.swift */,
				2CAF566BD8F26FECE2DB1C25 /* TurnTimer.swift */,
				78F90743A10BA81399860425 /* Chess */,
			);
			path = Logic;
			sourceTree = "<group>";
		};
		78F90743A10BA81399860425 /* Chess */ = {
			isa = PBXGroup;
			children = (
				FF11C903C797D394A807E396 /* Chess.swift */,
				416A804FC2359078E164449E /* ChessFEN.swift */,
				F5CBD6F2CC804D886BB6FCB2 /* ChessRules.swift */,
			);
			path = Chess;
			sourceTree = "<group>";
		};
		8596DF32BB855BED7C729C85 /* Scenes */ = {
			isa = PBXGroup;
			children = (
				ADC4BC0D1B2AAFBA570F24F4 /* GameOverScene.swift */,
				48DB4E6155700677F3736099 /* TitleScene.swift */,
			);
			path = Scenes;
			sourceTree = "<group>";
		};
		87EEA65BA5B7CC3E16B16C44 /* Resources */ = {
			isa = PBXGroup;
			children = (
				D6E00200878F5A414C7AA097 /* AppIcon.icns */,
				266106237B707A5FFEC1D5FC /* GCI-intro.m4a */,
				A215EE3EF5A3B60A3369E69B /* PressStart2P-Regular.ttf */,
				1F94F04B5CC0E27D8292565C /* Sprites */,
			);
			path = Resources;
			sourceTree = "<group>";
		};
		8B341BEEF372F9DC14F908B7 /* Audio */ = {
			isa = PBXGroup;
			children = (
				533060B476CEB068D8FE3931 /* AudioManager.swift */,
			);
			path = Audio;
			sourceTree = "<group>";
		};
		8DE56E3CE02A9F0E5C37C8F4 /* Tests */ = {
			isa = PBXGroup;
			children = (
				46E88C786A6B62EF1391252D /* GCITests.swift */,
			);
			name = Tests;
			path = GalacticChessInvaders/Tests;
			sourceTree = "<group>";
		};
		9E0416EC85C4E0A17DBE0D16 /* Audio */ = {
			isa = PBXGroup;
			children = (
				DFA8FE0D63A1CAAA9CBA031E /* SoundKey.swift */,
			);
			path = Audio;
			sourceTree = "<group>";
		};
		A2D01DD174BF68EDF156539D = {
			isa = PBXGroup;
			children = (
				998968842203016A0E563C6A /* sfx */,
				2D966E5713FCF544A056D4C2 /* GalacticChessInvaders */,
				8DE56E3CE02A9F0E5C37C8F4 /* Tests */,
				FE7BE0EC5E428F3062974AA2 /* Products */,
			);
			sourceTree = "<group>";
		};
		AB99D7336D4B4377EA975237 /* Rendering */ = {
			isa = PBXGroup;
			children = (
				C108E7EAE6358A3CF47A3F77 /* BoardNode.swift */,
				741746F275F1126EB8D73A8C /* CheckPathNode.swift */,
				8AF0FC132D54FB3D89851A9D /* CollisionHandler.swift */,
				815CA288511D02127E0E884F /* ExplosionPool.swift */,
				386C3750928FB14BC1D27D55 /* FleetController.swift */,
				3932A08EA2916C4D1AB1DF11 /* GameOverNode.swift */,
				8E0AB54EF6DC34CA0DDA9CDF /* GameScene.swift */,
				FC84A7656D54629221ABFEA2 /* GameStatusNode.swift */,
				E6BD913BC0D0EB5692D30572 /* HighScoreEntryNode.swift */,
				69BBAD0F7E7CF816D2269AF5 /* HowToPlayNode.swift */,
				A56497B49CFE839D85ABCC3A /* HUDNode.swift */,
				5308FEB0B1858AC43F451354 /* LaserNode.swift */,
				C7C9EB476F38A1115CA12AE8 /* LaserPool.swift */,
				2C700B2F09ADAB666A66E141 /* LevelBannerNode.swift */,
				41027B92E5E5C0CED577CDCC /* NeonPalette.swift */,
				F86607BAC135182D9E5F8BD4 /* PieceNode.swift */,
				096490D7A6278EF53261317B /* ScorePopPool.swift */,
				433F034FF2C2E1058CF04485 /* SpaceshipNode.swift */,
				CA08B29F3B57111A1DAB71AB /* StarfieldTiling.swift */,
				E5479162403C3F6B963DA628 /* TitleOverlayNode.swift */,
				0DD287E9A35A46D7482B9AE4 /* TurnTimerNode.swift */,
			);
			path = Rendering;
			sourceTree = "<group>";
		};
		AF6F3748DD591D1E03B2FB97 /* Input */ = {
			isa = PBXGroup;
			children = (
				F9BCEF5A958D912F3D3834BC /* GameAction.swift */,
				089693DE6C70095463C9E308 /* InputHandler.swift */,
			);
			path = Input;
			sourceTree = "<group>";
		};
		F75A8D9C8A7035887384E7B4 /* Game */ = {
			isa = PBXGroup;
			children = (
				8B341BEEF372F9DC14F908B7 /* Audio */,
				AF6F3748DD591D1E03B2FB97 /* Input */,
				6B53D6A08D48BB8EFBD14E37 /* Logic */,
				AB99D7336D4B4377EA975237 /* Rendering */,
			);
			path = Game;
			sourceTree = "<group>";
		};
		FE7BE0EC5E428F3062974AA2 /* Products */ = {
			isa = PBXGroup;
			children = (
				C6C2B5784E5BF76690D58C93 /* GalacticChessInvaders.app */,
				470EE873AFB093DAA09877AD /* GCITests.xctest */,
			);
			name = Products;
			sourceTree = "<group>";
		};
/* End PBXGroup section */

/* Begin PBXNativeTarget section */
		05D3C748285522D9E97D386E /* GCITests */ = {
			isa = PBXNativeTarget;
			buildConfigurationList = 47BD495B260035F8E65926C1 /* Build configuration list for PBXNativeTarget "GCITests" */;
			buildPhases = (
				0895250AF4C73CF398EED8E6 /* Sources */,
			);
			buildRules = (
			);
			dependencies = (
				E2633DC0FF5ADBDFD882DD2C /* PBXTargetDependency */,
			);
			name = GCITests;
			packageProductDependencies = (
			);
			productName = GCITests;
			productReference = 470EE873AFB093DAA09877AD /* GCITests.xctest */;
			productType = "com.apple.product-type.bundle.unit-test";
		};
		9BD80453908A8F43871AD964 /* GalacticChessInvaders */ = {
			isa = PBXNativeTarget;
			buildConfigurationList = 1D4C329CDA05E9E8BFA878BB /* Build configuration list for PBXNativeTarget "GalacticChessInvaders" */;
			buildPhases = (
				1AB76CF94A398A8A68E37DD5 /* Sources */,
				F6BB017AC1D23D634D6143DE /* Resources */,
			);
			buildRules = (
			);
			dependencies = (
			);
			name = GalacticChessInvaders;
			packageProductDependencies = (
			);
			productName = GalacticChessInvaders;
			productReference = C6C2B5784E5BF76690D58C93 /* GalacticChessInvaders.app */;
			productType = "com.apple.product-type.application";
		};
/* End PBXNativeTarget section */

/* Begin PBXProject section */
		707BFE0A0BBB45A4FA54E532 /* Project object */ = {
			isa = PBXProject;
			attributes = {
				BuildIndependentTargetsInParallel = YES;
				LastUpgradeCheck = 1620;
				TargetAttributes = {
				};
			};
			buildConfigurationList = AE677C64AF490BC7EE8FF6C3 /* Build configuration list for PBXProject "GalacticChessInvaders" */;
			developmentRegion = en;
			hasScannedForEncodings = 0;
			knownRegions = (
				Base,
				en,
			);
			mainGroup = A2D01DD174BF68EDF156539D;
			minimizedProjectReferenceProxies = 1;
			preferredProjectObjectVersion = 77;
			productRefGroup = FE7BE0EC5E428F3062974AA2 /* Products */;
			projectDirPath = "";
			projectRoot = "";
			targets = (
				05D3C748285522D9E97D386E /* GCITests */,
				9BD80453908A8F43871AD964 /* GalacticChessInvaders */,
			);
		};
/* End PBXProject section */

/* Begin PBXResourcesBuildPhase section */
		F6BB017AC1D23D634D6143DE /* Resources */ = {
			isa = PBXResourcesBuildPhase;
			buildActionMask = 2147483647;
			files = (
				08915064D62400123724FB00 /* AppIcon.icns in Resources */,
				7B1B293D3EF00772467603BC /* GCI-intro.m4a in Resources */,
				D3641D21830DBEB3CE620C6B /* PressStart2P-Regular.ttf in Resources */,
				AD625EB17A39A9FE68462D86 /* chess-b-bishop-d1.png in Resources */,
				B67633A0D0D31669ED91AEDA /* chess-b-bishop-d2.png in Resources */,
				1FBE4ACA89D5247C2820022A /* chess-b-bishop.png in Resources */,
				C9A9C0363A0C8510549F4337 /* chess-b-king-d1.png in Resources */,
				F53A8FD80E91731A2F3B94DF /* chess-b-king-d2.png in Resources */,
				FF14D7450D828185760EAB06 /* chess-b-king.png in Resources */,
				FBE30191F38B53BBCEE7A231 /* chess-b-knight-d1.png in Resources */,
				065CBD06B0637CD83CE4DD1E /* chess-b-knight-d2.png in Resources */,
				FC4BD8AA702F92FE68FA0FD3 /* chess-b-knight.png in Resources */,
				21490A78500EE1F60D19E61B /* chess-b-pawn-armored.png in Resources */,
				0C19590DD3546C1C22EBA23A /* chess-b-pawn-d1.png in Resources */,
				501B3D6BAA54B7D6543315E0 /* chess-b-pawn-d2.png in Resources */,
				8CE5A8CA064C0186187B8A00 /* chess-b-pawn.png in Resources */,
				5C00B24FA3687609673B10AC /* chess-b-queen-d1.png in Resources */,
				56547221A27CECF071477604 /* chess-b-queen-d2.png in Resources */,
				1048F2F37E2A61053EF3DA84 /* chess-b-queen.png in Resources */,
				068627FB6E47606E554C8AA8 /* chess-b-rook-d1.png in Resources */,
				7A28A7F7E08CDA7442C26B99 /* chess-b-rook-d2.png in Resources */,
				BF7CA3BE908F94E71CFFE90F /* chess-b-rook.png in Resources */,
				14F7B295279756393ED204CA /* chess-w-bishop-d1.png in Resources */,
				DEE6A588A0E118BDB71E32F6 /* chess-w-bishop-d2.png in Resources */,
				4AAEA0F579F05B5F2CA173E8 /* chess-w-bishop.png in Resources */,
				FB471FB509F8D33265C7CDE8 /* chess-w-king-d1.png in Resources */,
				9F1596A7F6BC01E4F501C8D7 /* chess-w-king-d2.png in Resources */,
				496150C3B2737728E85A0830 /* chess-w-king.png in Resources */,
				7A5879E8C562F46FFC5D86DB /* chess-w-knight-d1.png in Resources */,
				346FAE43588F07BD3A9E0EE8 /* chess-w-knight-d2.png in Resources */,
				FF54E58B0E2C8163675AA771 /* chess-w-knight.png in Resources */,
				AB5B47092457C71AF974E1C6 /* chess-w-pawn-d1.png in Resources */,
				11736726B6CD33F7F49C0115 /* chess-w-pawn-d2.png in Resources */,
				02680BDD15BEB7B8B0329A1D /* chess-w-pawn.png in Resources */,
				FB402B33905FBD97A2B8DC87 /* chess-w-queen-d1.png in Resources */,
				3B7526683C16F26D1662024F /* chess-w-queen-d2.png in Resources */,
				CED029BF45680E976218AD47 /* chess-w-queen.png in Resources */,
				9D8A372DBBCA9B9102C4264A /* chess-w-rook-d1.png in Resources */,
				3203C80A87E53941D3CA57FE /* chess-w-rook-d2.png in Resources */,
				3D123DD84E9772D4FA235EA8 /* chess-w-rook.png in Resources */,
				7705CF0A074223E6B67350F7 /* sfx in Resources */,
				1671C9F123B8F22D6E1C61CE /* ship-camel.png in Resources */,
				D27B42151BC5A3E38E5C3E27 /* ship-escort.png in Resources */,
				054F25D0681FB675A237F71B /* ship-flagship.png in Resources */,
				A38ACF123B15ADE148A9CCDE /* ship-llama.png in Resources */,
				61169CA3823DC981272E489B /* ship-player.png in Resources */,
				CEC31288F6D9DFFDB1BCEDDD /* ship-scout-bomb.png in Resources */,
				ABF32FC80B47B0F2815FA4E5 /* ship-scout-ice.png in Resources */,
				E0DACD70605D2150ABCB6079 /* ship-scout-lightning.png in Resources */,
				229E3854BAE93ECA2FA6C385 /* ship-scout-repair.png in Resources */,
				B49EB30582FE0AF32698E494 /* ship-scout-spread.png in Resources */,
				C362A3476F3961B1753410C1 /* ship-scout.png in Resources */,
			);
			runOnlyForDeploymentPostprocessing = 0;
		};
/* End PBXResourcesBuildPhase section */

/* Begin PBXSourcesBuildPhase section */
		0895250AF4C73CF398EED8E6 /* Sources */ = {
			isa = PBXSourcesBuildPhase;
			buildActionMask = 2147483647;
			files = (
				456435234471D2982DBDDA74 /* GCITests.swift in Sources */,
			);
			runOnlyForDeploymentPostprocessing = 0;
		};
		1AB76CF94A398A8A68E37DD5 /* Sources */ = {
			isa = PBXSourcesBuildPhase;
			buildActionMask = 2147483647;
			files = (
				E382860009AA1E103879DF01 /* AudioManager.swift in Sources */,
				C88BE784BCDFF9D800B631C4 /* BoardNode.swift in Sources */,
				A5723D032739FA8C59CB6091 /* CheckPathNode.swift in Sources */,
				368610872B731D709369E6BC /* Chess.swift in Sources */,
				87FF43D18AB562A891F9F2EB /* ChessEngine.swift in Sources */,
				3D8737E689E8D78A3C2D0D04 /* ChessFEN.swift in Sources */,
				DF73E7ACF955B7FBAAA31DFA /* ChessRules.swift in Sources */,
				92FC2C3D2532B922C24C54FE /* CollisionHandler.swift in Sources */,
				5E76F03CD7162A626D28F7BD /* CollisionResolver.swift in Sources */,
				605CC1D290EA03C43460DC7D /* ContentView.swift in Sources */,
				89F9459783A37520E9B6A7D3 /* DiagnosticsLog.swift in Sources */,
				362A63B60EAE25EE61172DB1 /* ExplosionPool.swift in Sources */,
				3A13D4F27754EBE3F1990D3E /* FleetController.swift in Sources */,
				E7D495E2DBBDC199D24C5469 /* FleetFiring.swift in Sources */,
				D96554076A4F6BFF8CB7D2D2 /* FleetRules.swift in Sources */,
				F9929020CEFD54511CD99A8E /* GCIBoard.swift in Sources */,
				46AAE105A315B67E0A9A7C86 /* GalacticChessInvadersApp.swift in Sources */,
				091CA81733FCE104AD2D88E9 /* GameAction.swift in Sources */,
				82FBE8F0FE17EC1EED7ECC03 /* GameOverNode.swift in Sources */,
				E363DB037B78F53FB632EDEC /* GameOverScene.swift in Sources */,
				97361A240335FEBD8B2AFA78 /* GameScene.swift in Sources */,
				452008C69273C0B918DFAA99 /* GameState.swift in Sources */,
				85830BC31A121E884D7C827C /* GameStatusNode.swift in Sources */,
				031533BB438B7A4BC1CE82C9 /* HUDNode.swift in Sources */,
				E22CBB20BA38A80B327C715F /* HighScoreEntryNode.swift in Sources */,
				2D6AEAFFDB4E3817A7AA8A3F /* HowToPlayNode.swift in Sources */,
				7B642189B3FC586C84C9A534 /* InputHandler.swift in Sources */,
				B13EF8E180EE359E19DA52C3 /* Juice.swift in Sources */,
				E05E089FE48382AC59AD93BD /* LaserNode.swift in Sources */,
				8916FC9528C763093B5D18BE /* LaserPool.swift in Sources */,
				219A018777664526318593BD /* LevelBannerNode.swift in Sources */,
				1AAB40E8E2E3C6E0A09E39EA /* LevelManager.swift in Sources */,
				DE340400464B4B709FE0F477 /* LogTextView.swift in Sources */,
				FAB43706A371DD88D34AB3D6 /* NeonPalette.swift in Sources */,
				761E80CDFA1BA24920975185 /* PhysicsCategory.swift in Sources */,
				10EC7FDA96FB9D9DF9ED8846 /* Piece.swift in Sources */,
				7F0384B71B4EABB4F3C3C5B0 /* PieceNode.swift in Sources */,
				8045F16B75DCA226FEFC2848 /* ProjectileState.swift in Sources */,
				5E5F85935F04C28062E9F04F /* Regeneration.swift in Sources */,
				24500C21167BA8483E94FE3B /* ScoreManager.swift in Sources */,
				E417F771A182BF6A6C7A8D29 /* ScorePopPool.swift in Sources */,
				92F5117575286012F40FFBAC /* SoundKey.swift in Sources */,
				E08464B23F92D11F3F247DAB /* SpaceshipNode.swift in Sources */,
				1105DF500AABD684C9DF74CD /* SpaceshipState.swift in Sources */,
				BF65DE6B34BC76D86E140734 /* StarfieldTiling.swift in Sources */,
				F85FF93C6997AF4868C1CBC3 /* TitleOverlayNode.swift in Sources */,
				1840BB4464E1128BE071D44C /* TitleScene.swift in Sources */,
				F9CA99676598CF676A718B8D /* TurnTimer.swift in Sources */,
				E33C887F2ABFADD773CD302C /* TurnTimerNode.swift in Sources */,
			);
			runOnlyForDeploymentPostprocessing = 0;
		};
/* End PBXSourcesBuildPhase section */

/* Begin PBXTargetDependency section */
		E2633DC0FF5ADBDFD882DD2C /* PBXTargetDependency */ = {
			isa = PBXTargetDependency;
			target = 9BD80453908A8F43871AD964 /* GalacticChessInvaders */;
			targetProxy = 8C58E5482555CFCBEDC1100E /* PBXContainerItemProxy */;
		};
/* End PBXTargetDependency section */

/* Begin XCBuildConfiguration section */
		641ADBBEA1987890D80FE7CB /* Release */ = {
			isa = XCBuildConfiguration;
			buildSettings = {
				ASSETCATALOG_COMPILER_APPICON_NAME = AppIcon;
				CODE_SIGNING_REQUIRED = NO;
				CODE_SIGNING_STYLE = Manual;
				CODE_SIGN_IDENTITY = "-";
				COMBINE_HIDPI_IMAGES = YES;
				CURRENT_PROJECT_VERSION = 1;
				ENABLE_HARDENED_RUNTIME = NO;
				INFOPLIST_FILE = GalacticChessInvaders/Info.plist;
				LD_RUNPATH_SEARCH_PATHS = (
					"$(inherited)",
					"@executable_path/../Frameworks",
				);
				MACOSX_DEPLOYMENT_TARGET = 14.0;
				MARKETING_VERSION = 0.1;
				PRODUCT_BUNDLE_IDENTIFIER = com.zurlocker.GalacticChessInvaders;
				SDKROOT = macosx;
				SWIFT_STRICT_CONCURRENCY = complete;
				SWIFT_VERSION = 6.0;
			};
			name = Release;
		};
		8DCE896E74806F65F0CDE2F7 /* Debug */ = {
			isa = XCBuildConfiguration;
			buildSettings = {
				ASSETCATALOG_COMPILER_APPICON_NAME = AppIcon;
				CODE_SIGNING_REQUIRED = NO;
				CODE_SIGNING_STYLE = Manual;
				CODE_SIGN_IDENTITY = "-";
				COMBINE_HIDPI_IMAGES = YES;
				CURRENT_PROJECT_VERSION = 1;
				ENABLE_HARDENED_RUNTIME = NO;
				INFOPLIST_FILE = GalacticChessInvaders/Info.plist;
				LD_RUNPATH_SEARCH_PATHS = (
					"$(inherited)",
					"@executable_path/../Frameworks",
				);
				MACOSX_DEPLOYMENT_TARGET = 14.0;
				MARKETING_VERSION = 0.1;
				PRODUCT_BUNDLE_IDENTIFIER = com.zurlocker.GalacticChessInvaders;
				SDKROOT = macosx;
				SWIFT_STRICT_CONCURRENCY = complete;
				SWIFT_VERSION = 6.0;
			};
			name = Debug;
		};
		AABD6D0452589A24D2234534 /* Debug */ = {
			isa = XCBuildConfiguration;
			buildSettings = {
				BUNDLE_LOADER = "$(TEST_HOST)";
				COMBINE_HIDPI_IMAGES = YES;
				LD_RUNPATH_SEARCH_PATHS = (
					"$(inherited)",
					"@executable_path/../Frameworks",
					"@loader_path/../Frameworks",
				);
				MACOSX_DEPLOYMENT_TARGET = 14.0;
				PRODUCT_BUNDLE_IDENTIFIER = com.zurlocker.GCITests;
				SDKROOT = macosx;
				SWIFT_VERSION = 6.0;
				TEST_HOST = "$(BUILT_PRODUCTS_DIR)/GalacticChessInvaders.app/Contents/MacOS/GalacticChessInvaders";
			};
			name = Debug;
		};
		B319289406C2F879C8EDCB2C /* Release */ = {
			isa = XCBuildConfiguration;
			buildSettings = {
				ALWAYS_SEARCH_USER_PATHS = NO;
				CLANG_ANALYZER_NONNULL = YES;
				CLANG_ANALYZER_NUMBER_OBJECT_CONVERSION = YES_AGGRESSIVE;
				CLANG_CXX_LANGUAGE_STANDARD = "gnu++14";
				CLANG_CXX_LIBRARY = "libc++";
				CLANG_ENABLE_MODULES = YES;
				CLANG_ENABLE_OBJC_ARC = YES;
				CLANG_ENABLE_OBJC_WEAK = YES;
				CLANG_WARN_BLOCK_CAPTURE_AUTORELEASING = YES;
				CLANG_WARN_BOOL_CONVERSION = YES;
				CLANG_WARN_COMMA = YES;
				CLANG_WARN_CONSTANT_CONVERSION = YES;
				CLANG_WARN_DEPRECATED_OBJC_IMPLEMENTATIONS = YES;
				CLANG_WARN_DIRECT_OBJC_ISA_USAGE = YES_ERROR;
				CLANG_WARN_DOCUMENTATION_COMMENTS = YES;
				CLANG_WARN_EMPTY_BODY = YES;
				CLANG_WARN_ENUM_CONVERSION = YES;
				CLANG_WARN_INFINITE_RECURSION = YES;
				CLANG_WARN_INT_CONVERSION = YES;
				CLANG_WARN_NON_LITERAL_NULL_CONVERSION = YES;
				CLANG_WARN_OBJC_IMPLICIT_RETAIN_SELF = YES;
				CLANG_WARN_OBJC_LITERAL_CONVERSION = YES;
				CLANG_WARN_OBJC_ROOT_CLASS = YES_ERROR;
				CLANG_WARN_QUOTED_INCLUDE_IN_FRAMEWORK_HEADER = YES;
				CLANG_WARN_RANGE_LOOP_ANALYSIS = YES;
				CLANG_WARN_STRICT_PROTOTYPES = YES;
				CLANG_WARN_SUSPICIOUS_MOVE = YES;
				CLANG_WARN_UNGUARDED_AVAILABILITY = YES_AGGRESSIVE;
				CLANG_WARN_UNREACHABLE_CODE = YES;
				CLANG_WARN__DUPLICATE_METHOD_MATCH = YES;
				COPY_PHASE_STRIP = NO;
				DEBUG_INFORMATION_FORMAT = "dwarf-with-dsym";
				ENABLE_NS_ASSERTIONS = NO;
				ENABLE_STRICT_OBJC_MSGSEND = YES;
				GCC_C_LANGUAGE_STANDARD = gnu11;
				GCC_NO_COMMON_BLOCKS = YES;
				GCC_WARN_64_TO_32_BIT_CONVERSION = YES;
				GCC_WARN_ABOUT_RETURN_TYPE = YES_ERROR;
				GCC_WARN_UNDECLARED_SELECTOR = YES;
				GCC_WARN_UNINITIALIZED_AUTOS = YES_AGGRESSIVE;
				GCC_WARN_UNUSED_FUNCTION = YES;
				GCC_WARN_UNUSED_VARIABLE = YES;
				MACOSX_DEPLOYMENT_TARGET = 14.0;
				MTL_ENABLE_DEBUG_INFO = NO;
				MTL_FAST_MATH = YES;
				PRODUCT_NAME = "$(TARGET_NAME)";
				SDKROOT = macosx;
				SWIFT_COMPILATION_MODE = wholemodule;
				SWIFT_OPTIMIZATION_LEVEL = "-O";
				SWIFT_VERSION = 5.0;
			};
			name = Release;
		};
		CC3D20FE996C304009E437DD /* Release */ = {
			isa = XCBuildConfiguration;
			buildSettings = {
				BUNDLE_LOADER = "$(TEST_HOST)";
				COMBINE_HIDPI_IMAGES = YES;
				LD_RUNPATH_SEARCH_PATHS = (
					"$(inherited)",
					"@executable_path/../Frameworks",
					"@loader_path/../Frameworks",
				);
				MACOSX_DEPLOYMENT_TARGET = 14.0;
				PRODUCT_BUNDLE_IDENTIFIER = com.zurlocker.GCITests;
				SDKROOT = macosx;
				SWIFT_VERSION = 6.0;
				TEST_HOST = "$(BUILT_PRODUCTS_DIR)/GalacticChessInvaders.app/Contents/MacOS/GalacticChessInvaders";
			};
			name = Release;
		};
		E43793270B7AE6A552BD442B /* Debug */ = {
			isa = XCBuildConfiguration;
			buildSettings = {
				ALWAYS_SEARCH_USER_PATHS = NO;
				CLANG_ANALYZER_NONNULL = YES;
				CLANG_ANALYZER_NUMBER_OBJECT_CONVERSION = YES_AGGRESSIVE;
				CLANG_CXX_LANGUAGE_STANDARD = "gnu++14";
				CLANG_CXX_LIBRARY = "libc++";
				CLANG_ENABLE_MODULES = YES;
				CLANG_ENABLE_OBJC_ARC = YES;
				CLANG_ENABLE_OBJC_WEAK = YES;
				CLANG_WARN_BLOCK_CAPTURE_AUTORELEASING = YES;
				CLANG_WARN_BOOL_CONVERSION = YES;
				CLANG_WARN_COMMA = YES;
				CLANG_WARN_CONSTANT_CONVERSION = YES;
				CLANG_WARN_DEPRECATED_OBJC_IMPLEMENTATIONS = YES;
				CLANG_WARN_DIRECT_OBJC_ISA_USAGE = YES_ERROR;
				CLANG_WARN_DOCUMENTATION_COMMENTS = YES;
				CLANG_WARN_EMPTY_BODY = YES;
				CLANG_WARN_ENUM_CONVERSION = YES;
				CLANG_WARN_INFINITE_RECURSION = YES;
				CLANG_WARN_INT_CONVERSION = YES;
				CLANG_WARN_NON_LITERAL_NULL_CONVERSION = YES;
				CLANG_WARN_OBJC_IMPLICIT_RETAIN_SELF = YES;
				CLANG_WARN_OBJC_LITERAL_CONVERSION = YES;
				CLANG_WARN_OBJC_ROOT_CLASS = YES_ERROR;
				CLANG_WARN_QUOTED_INCLUDE_IN_FRAMEWORK_HEADER = YES;
				CLANG_WARN_RANGE_LOOP_ANALYSIS = YES;
				CLANG_WARN_STRICT_PROTOTYPES = YES;
				CLANG_WARN_SUSPICIOUS_MOVE = YES;
				CLANG_WARN_UNGUARDED_AVAILABILITY = YES_AGGRESSIVE;
				CLANG_WARN_UNREACHABLE_CODE = YES;
				CLANG_WARN__DUPLICATE_METHOD_MATCH = YES;
				COPY_PHASE_STRIP = NO;
				DEBUG_INFORMATION_FORMAT = dwarf;
				ENABLE_STRICT_OBJC_MSGSEND = YES;
				ENABLE_TESTABILITY = YES;
				GCC_C_LANGUAGE_STANDARD = gnu11;
				GCC_DYNAMIC_NO_PIC = NO;
				GCC_NO_COMMON_BLOCKS = YES;
				GCC_OPTIMIZATION_LEVEL = 0;
				GCC_PREPROCESSOR_DEFINITIONS = (
					"$(inherited)",
					"DEBUG=1",
				);
				GCC_WARN_64_TO_32_BIT_CONVERSION = YES;
				GCC_WARN_ABOUT_RETURN_TYPE = YES_ERROR;
				GCC_WARN_UNDECLARED_SELECTOR = YES;
				GCC_WARN_UNINITIALIZED_AUTOS = YES_AGGRESSIVE;
				GCC_WARN_UNUSED_FUNCTION = YES;
				GCC_WARN_UNUSED_VARIABLE = YES;
				MACOSX_DEPLOYMENT_TARGET = 14.0;
				MTL_ENABLE_DEBUG_INFO = INCLUDE_SOURCE;
				MTL_FAST_MATH = YES;
				ONLY_ACTIVE_ARCH = YES;
				PRODUCT_NAME = "$(TARGET_NAME)";
				SDKROOT = macosx;
				SWIFT_ACTIVE_COMPILATION_CONDITIONS = DEBUG;
				SWIFT_OPTIMIZATION_LEVEL = "-Onone";
				SWIFT_VERSION = 5.0;
			};
			name = Debug;
		};
/* End XCBuildConfiguration section */

/* Begin XCConfigurationList section */
		1D4C329CDA05E9E8BFA878BB /* Build configuration list for PBXNativeTarget "GalacticChessInvaders" */ = {
			isa = XCConfigurationList;
			buildConfigurations = (
				8DCE896E74806F65F0CDE2F7 /* Debug */,
				641ADBBEA1987890D80FE7CB /* Release */,
			);
			defaultConfigurationIsVisible = 0;
			defaultConfigurationName = Debug;
		};
		47BD495B260035F8E65926C1 /* Build configuration list for PBXNativeTarget "GCITests" */ = {
			isa = XCConfigurationList;
			buildConfigurations = (
				AABD6D0452589A24D2234534 /* Debug */,
				CC3D20FE996C304009E437DD /* Release */,
			);
			defaultConfigurationIsVisible = 0;
			defaultConfigurationName = Debug;
		};
		AE677C64AF490BC7EE8FF6C3 /* Build configuration list for PBXProject "GalacticChessInvaders" */ = {
			isa = XCConfigurationList;
			buildConfigurations = (
				E43793270B7AE6A552BD442B /* Debug */,
				B319289406C2F879C8EDCB2C /* Release */,
			);
			defaultConfigurationIsVisible = 0;
			defaultConfigurationName = Debug;
		};
/* End XCConfigurationList section */
	};
	rootObject = 707BFE0A0BBB45A4FA54E532 /* Project object */;
}
